# This file is @generated by PDM.
# It is not intended for manual editing.

[metadata]
groups = ["default"]
strategy = ["inherit_metadata"]
lock_version = "4.5.0"
content_hash = "sha256:4abf953a98ac4ae08d8a883db3da01eb3284b14336e71dddbba8e55e29da80cb"

[[metadata.targets]]
requires_python = "==3.13.*"

[[package]]
name = "click"
version = "8.1.8"
requires_python = ">=3.7"
summary = "Composable command line interface toolkit"
groups = ["default"]
dependencies = [
    "colorama; platform_system == \"Windows\"",
    "importlib-metadata; python_version < \"3.8\"",
]
files = [
    {file = "click-8.1.8-py3-none-any.whl", hash = "sha256:63c132bbbed01578a06712a2d1f497bb62d9c1c0d329b7903a866228027263b2"},
    {file = "click-8.1.8.tar.gz", hash = "sha256:ed53c9d8990d83c2a27deae68e4ee337473f6330c040a31d4225c9574d16096a"},
]

[[package]]
name = "colorama"
version = "0.4.6"
requires_python = "!=3.0.*,!=3.1.*,!=3.2.*,!=3.3.*,!=3.4.*,!=3.5.*,!=3.6.*,>=2.7"
summary = "Cross-platform colored terminal text."
groups = ["default"]
marker = "platform_system == \"Windows\""
files = [
    {file = "colorama-0.4.6-py2.py3-none-any.whl", hash = "sha256:4f1d9991f5acc0ca119f9d443620b77f9d6b33703e51011c16baf57afb285fc6"},
    {file = "colorama-0.4.6.tar.gz", hash = "sha256:08695f5cb7ed6e0531a20572697297273c47b8cae5a63ffc6d6ed5c201be6e44"},
]

[[package]]
name = "libtmux"
version = "0.46.1"
requires_python = "<4.0,>=3.9"
summary = "Typed library that provides an ORM wrapper for tmux, a terminal multiplexer."
groups = ["default"]
files = [
    {file = "libtmux-0.46.1-py3-none-any.whl", hash = "sha256:4a968741513f002da97bddf0b9c46c0f76529ff33f451e140daef7ee1e03d532"},
    {file = "libtmux-0.46.1.tar.gz", hash = "sha256:762163be40953f1e99617de4a1f11480b45fd0bc027910ef48d45f99f3fda6ee"},
]
